# This file was autogenerated by Stack.
# You should not edit this file by hand.
# For more information, please see the documentation at:
#   https://docs.haskellstack.org/en/stable/lock_files

packages:
- completed:
    hackage: ghc-events-0.17.0.3@sha256:7cd7c9f2994cc75c48db99b4a1b71771571224c1cab03cb54990788a10872fb9,3821
    pantry-tree:
      size: 5028
      sha256: 8109896bb2f8307d87f7dbef3151ec6f53782e23cc77493e42dca7d8971c4bee
  original:
    hackage: ghc-events-0.17.0.3@sha256:7cd7c9f2994cc75c48db99b4a1b71771571224c1cab03cb54990788a10872fb9,3821
snapshots:
- completed:
    size: 648660
    url: https://raw.githubusercontent.com/commercialhaskell/stackage-snapshots/master/lts/20/4.yaml
    sha256: 3770dfd79f5aed67acdcc65c4e7730adddffe6dba79ea723cfb0918356fc0f94
  original:
    url: https://raw.githubusercontent.com/commercialhaskell/stackage-snapshots/master/lts/20/4.yaml
